
Microsoft Visual Studio Solution File, Format Version 12.00
# Visual Studio Version 16
VisualStudioVersion = 16.0.30804.86
MinimumVisualStudioVersion = 10.0.40219.1
Project("{FAE04EC0-301F-11D3-BF4B-00C04F79EFBC}") = "numberGuesser", "numberGuesser.csproj", "{DB074DC1-3EA0-45E4-9604-F1D8E7714B4D}"
EndProject
Global
	GlobalSection(SolutionConfigurationPlatforms) = preSolution
		Debug|Any CPU = Debug|Any CPU
		Release|Any CPU = Release|Any CPU
	EndGlobalSection
	GlobalSection(ProjectConfigurationPlatforms) = postSolution
		{DB074DC1-3EA0-45E4-9604-F1D8E7714B4D}.Debug|Any CPU.ActiveCfg = Debug|Any CPU
		{DB074DC1-3EA0-45E4-9604-F1D8E7714B4D}.Debug|Any CPU.Build.0 = Debug|Any CPU
		{DB074DC1-3EA0-45E4-9604-F1D8E7714B4D}.Release|Any CPU.ActiveCfg = Release|Any CPU
		{DB074DC1-3EA0-45E4-9604-F1D8E7714B4D}.Release|Any CPU.Build.0 = Release|Any CPU
	EndGlobalSection
	GlobalSection(SolutionProperties) = preSolution
		HideSolutionNode = FALSE
	EndGlobalSection
	GlobalSection(ExtensibilityGlobals) = postSolution
		SolutionGuid = {431DAD48-87DD-4154-96BC-29BD77EBF172}
	EndGlobalSection
EndGlobal
